
Microsoft Visual Studio Solution File, Format Version 12.00
# Visual Studio Version 16
VisualStudioVersion = 16.0.31205.134
MinimumVisualStudioVersion = 10.0.40219.1
Project("{8BC9CEB8-8B4A-11D0-8D11-00A0C91BC942}") = "Problem-3Library", "Problem-3\Problem-3.vcxproj", "{CDD06E8C-C87E-4DAE-AD1E-69FDE9A9CDCF}"
EndProject
Project("{8BC9CEB8-8B4A-11D0-8D11-00A0C91BC942}") = "Problem-3Console", "Problem-3Console\Problem-3Console.vcxproj", "{BE2723BF-C3E3-4F3E-8884-D862B8654E19}"
EndProject
Project("{8BC9CEB8-8B4A-11D0-8D11-00A0C91BC942}") = "Problem-3TEST", "Problem-3TEST\Problem-3TEST.vcxproj", "{E6405C52-D1BB-4CC2-B1FD-C72F7CD8A906}"
EndProject
Global
	GlobalSection(SolutionConfigurationPlatforms) = preSolution
		Debug|x64 = Debug|x64
		Debug|x86 = Debug|x86
		Release|x64 = Release|x64
		Release|x86 = Release|x86
	EndGlobalSection
	GlobalSection(ProjectConfigurationPlatforms) = postSolution
		{CDD06E8C-C87E-4DAE-AD1E-69FDE9A9CDCF}.Debug|x64.ActiveCfg = Debug|x64
		{CDD06E8C-C87E-4DAE-AD1E-69FDE9A9CDCF}.Debug|x64.Build.0 = Debug|x64
		{CDD06E8C-C87E-4DAE-AD1E-69FDE9A9CDCF}.Debug|x86.ActiveCfg = Debug|Win32
		{CDD06E8C-C87E-4DAE-AD1E-69FDE9A9CDCF}.Debug|x86.Build.0 = Debug|Win32
		{CDD06E8C-C87E-4DAE-AD1E-69FDE9A9CDCF}.Release|x64.ActiveCfg = Release|x64
		{CDD06E8C-C87E-4DAE-AD1E-69FDE9A9CDCF}.Release|x64.Build.0 = Release|x64
		{CDD06E8C-C87E-4DAE-AD1E-69FDE9A9CDCF}.Release|x86.ActiveCfg = Release|Win32
		{CDD06E8C-C87E-4DAE-AD1E-69FDE9A9CDCF}.Release|x86.Build.0 = Release|Win32
		{BE2723BF-C3E3-4F3E-8884-D862B8654E19}.Debug|x64.ActiveCfg = Debug|x64
		{BE2723BF-C3E3-4F3E-8884-D862B8654E19}.Debug|x64.Build.0 = Debug|x64
		{BE2723BF-C3E3-4F3E-8884-D862B8654E19}.Debug|x86.ActiveCfg = Debug|Win32
		{BE2723BF-C3E3-4F3E-8884-D862B8654E19}.Debug|x86.Build.0 = Debug|Win32
		{BE2723BF-C3E3-4F3E-8884-D862B8654E19}.Release|x64.ActiveCfg = Release|x64
		{BE2723BF-C3E3-4F3E-8884-D862B8654E19}.Release|x64.Build.0 = Release|x64
		{BE2723BF-C3E3-4F3E-8884-D862B8654E19}.Release|x86.ActiveCfg = Release|Win32
		{BE2723BF-C3E3-4F3E-8884-D862B8654E19}.Release|x86.Build.0 = Release|Win32
		{E6405C52-D1BB-4CC2-B1FD-C72F7CD8A906}.Debug|x64.ActiveCfg = Debug|x64
		{E6405C52-D1BB-4CC2-B1FD-C72F7CD8A906}.Debug|x64.Build.0 = Debug|x64
		{E6405C52-D1BB-4CC2-B1FD-C72F7CD8A906}.Debug|x86.ActiveCfg = Debug|Win32
		{E6405C52-D1BB-4CC2-B1FD-C72F7CD8A906}.Debug|x86.Build.0 = Debug|Win32
		{E6405C52-D1BB-4CC2-B1FD-C72F7CD8A906}.Release|x64.ActiveCfg = Release|x64
		{E6405C52-D1BB-4CC2-B1FD-C72F7CD8A906}.Release|x64.Build.0 = Release|x64
		{E6405C52-D1BB-4CC2-B1FD-C72F7CD8A906}.Release|x86.ActiveCfg = Release|Win32
		{E6405C52-D1BB-4CC2-B1FD-C72F7CD8A906}.Release|x86.Build.0 = Release|Win32
	EndGlobalSection
	GlobalSection(SolutionProperties) = preSolution
		HideSolutionNode = FALSE
	EndGlobalSection
	GlobalSection(ExtensibilityGlobals) = postSolution
		SolutionGuid = {01E2739F-4BE2-4119-96D0-7C4CC8BEB152}
	EndGlobalSection
EndGlobal
